
Microsoft Visual Studio Solution File, Format Version 12.00
# Visual Studio Version 16
VisualStudioVersion = 16.0.30907.101
MinimumVisualStudioVersion = 10.0.40219.1
Project("{FAE04EC0-301F-11D3-BF4B-00C04F79EFBC}") = "tests", "tests.csproj", "{8926270B-4A45-4839-A4EF-73A60BAB7090}"
EndProject
Global
	GlobalSection(SolutionConfigurationPlatforms) = preSolution
		Debug|Any CPU = Debug|Any CPU
		Release|Any CPU = Release|Any CPU
	EndGlobalSection
	GlobalSection(ProjectConfigurationPlatforms) = postSolution
		{8926270B-4A45-4839-A4EF-73A60BAB7090}.Debug|Any CPU.ActiveCfg = Debug|Any CPU
		{8926270B-4A45-4839-A4EF-73A60BAB7090}.Debug|Any CPU.Build.0 = Debug|Any CPU
		{8926270B-4A45-4839-A4EF-73A60BAB7090}.Release|Any CPU.ActiveCfg = Release|Any CPU
		{8926270B-4A45-4839-A4EF-73A60BAB7090}.Release|Any CPU.Build.0 = Release|Any CPU
	EndGlobalSection
	GlobalSection(SolutionProperties) = preSolution
		HideSolutionNode = FALSE
	EndGlobalSection
	GlobalSection(ExtensibilityGlobals) = postSolution
		SolutionGuid = {94E42566-7BF1-447F-922D-59BB70FAC581}
	EndGlobalSection
EndGlobal
