
Microsoft Visual Studio Solution File, Format Version 12.00
# Visual Studio Version 16
VisualStudioVersion = 16.0.31112.23
MinimumVisualStudioVersion = 10.0.40219.1
Project("{FAE04EC0-301F-11D3-BF4B-00C04F79EFBC}") = "FunctionApp", "FunctionApp.csproj", "{B635E98C-3822-4DBE-B782-155F0806F030}"
EndProject
Project("{FAE04EC0-301F-11D3-BF4B-00C04F79EFBC}") = "FunctionApp.Tests", "..\FunctionApp.Tests\FunctionApp.Tests.csproj", "{84D6A252-D856-4E9A-BCA6-854B270A2285}"
EndProject
Global
	GlobalSection(SolutionConfigurationPlatforms) = preSolution
		Debug|Any CPU = Debug|Any CPU
		Release|Any CPU = Release|Any CPU
	EndGlobalSection
	GlobalSection(ProjectConfigurationPlatforms) = postSolution
		{B635E98C-3822-4DBE-B782-155F0806F030}.Debug|Any CPU.ActiveCfg = Debug|Any CPU
		{B635E98C-3822-4DBE-B782-155F0806F030}.Debug|Any CPU.Build.0 = Debug|Any CPU
		{B635E98C-3822-4DBE-B782-155F0806F030}.Release|Any CPU.ActiveCfg = Release|Any CPU
		{B635E98C-3822-4DBE-B782-155F0806F030}.Release|Any CPU.Build.0 = Release|Any CPU
		{84D6A252-D856-4E9A-BCA6-854B270A2285}.Debug|Any CPU.ActiveCfg = Debug|Any CPU
		{84D6A252-D856-4E9A-BCA6-854B270A2285}.Debug|Any CPU.Build.0 = Debug|Any CPU
		{84D6A252-D856-4E9A-BCA6-854B270A2285}.Release|Any CPU.ActiveCfg = Release|Any CPU
		{84D6A252-D856-4E9A-BCA6-854B270A2285}.Release|Any CPU.Build.0 = Release|Any CPU
	EndGlobalSection
	GlobalSection(SolutionProperties) = preSolution
		HideSolutionNode = FALSE
	EndGlobalSection
	GlobalSection(ExtensibilityGlobals) = postSolution
		SolutionGuid = {9C46B276-D08D-402A-BEA3-E762D9B4F67F}
	EndGlobalSection
EndGlobal
